// !$*UTF8*$!
{
	archiveVersion = 1;
	classes = {
	};
	objectVersion = 56;
	objects = {

/* Begin PBXBuildFile section */
		C61CA36F2C7A8DAC0074B3D0 /* LocalService.swift in Sources */ = {isa = PBXBuildFile; fileRef = C61CA36E2C7A8DAC0074B3D0 /* LocalService.swift */; };
		C61CA3712C7A8DF00074B3D0 /* giza.json in Resources */ = {isa = PBXBuildFile; fileRef = C61CA3702C7A8DF00074B3D0 /* giza.json */; };
		C61CA3732C7AAB3C0074B3D0 /* BackgroundView.swift in Sources */ = {isa = PBXBuildFile; fileRef = C61CA3722C7AAB3C0074B3D0 /* BackgroundView.swift */; };
		C664D1D12C7772B1008919DB /* WeatherApp.swift in Sources */ = {isa = PBXBuildFile; fileRef = C664D1D02C7772B1008919DB /* WeatherApp.swift */; };
		C664D1D32C7772B1008919DB /* FirstScreenView.swift in Sources */ = {isa = PBXBuildFile; fileRef = C664D1D22C7772B1008919DB /* FirstScreenView.swift */; };
		C664D1D52C7772B2008919DB /* Assets.xcassets in Resources */ = {isa = PBXBuildFile; fileRef = C664D1D42C7772B2008919DB /* Assets.xcassets */; };
		C664D1D82C7772B2008919DB /* Preview Assets.xcassets in Resources */ = {isa = PBXBuildFile; fileRef = C664D1D72C7772B2008919DB /* Preview Assets.xcassets */; };
		C664D1DF2C7772E3008919DB /* NetworkService.swift in Sources */ = {isa = PBXBuildFile; fileRef = C664D1DE2C7772E2008919DB /* NetworkService.swift */; };
		C664D1E12C777472008919DB /* WeatherModel.swift in Sources */ = {isa = PBXBuildFile; fileRef = C664D1E02C777472008919DB /* WeatherModel.swift */; };
		C664D1E52C7780B5008919DB /* SecondScreenView.swift in Sources */ = {isa = PBXBuildFile; fileRef = C664D1E42C7780B5008919DB /* SecondScreenView.swift */; };
		C664D1E72C7780FA008919DB /* HourView.swift in Sources */ = {isa = PBXBuildFile; fileRef = C664D1E62C7780FA008919DB /* HourView.swift */; };
		C67398992C77D662001DE2BC /* DateFormat.swift in Sources */ = {isa = PBXBuildFile; fileRef = C67398982C77D662001DE2BC /* DateFormat.swift */; };
		C673989B2C77DB0B001DE2BC /* IconView.swift in Sources */ = {isa = PBXBuildFile; fileRef = C673989A2C77DB0A001DE2BC /* IconView.swift */; };
		C69F86232C7AB547009CD49C /* NetworkServiceTests.swift in Sources */ = {isa = PBXBuildFile; fileRef = C69F86222C7AB547009CD49C /* NetworkServiceTests.swift */; };
		C69F862A2C7AB78C009CD49C /* LocalServiceTests.swift in Sources */ = {isa = PBXBuildFile; fileRef = C69F86292C7AB78C009CD49C /* LocalServiceTests.swift */; };
		C69F862C2C7ABDE6009CD49C /* SecondSereenViewTests.swift in Sources */ = {isa = PBXBuildFile; fileRef = C69F862B2C7ABDE6009CD49C /* SecondSereenViewTests.swift */; };
		C6A16D192C7A3F3E00E9D4CE /* CurrentView.swift in Sources */ = {isa = PBXBuildFile; fileRef = C6A16D182C7A3F3D00E9D4CE /* CurrentView.swift */; };
		C6A16D352C7A40D200E9D4CE /* ForecastView.swift in Sources */ = {isa = PBXBuildFile; fileRef = C6A16D342C7A40D200E9D4CE /* ForecastView.swift */; };
		C6A16D372C7A41C000E9D4CE /* ConditionsView.swift in Sources */ = {isa = PBXBuildFile; fileRef = C6A16D362C7A41C000E9D4CE /* ConditionsView.swift */; };
		C6D5135C2C7B38EF000FD5C3 /* LoadingView.swift in Sources */ = {isa = PBXBuildFile; fileRef = C6D5135B2C7B38EF000FD5C3 /* LoadingView.swift */; };
/* End PBXBuildFile section */

/* Begin PBXContainerItemProxy section */
		C69F86242C7AB547009CD49C /* PBXContainerItemProxy */ = {
			isa = PBXContainerItemProxy;
			containerPortal = C664D1C52C7772B1008919DB /* Project object */;
			proxyType = 1;
			remoteGlobalIDString = C664D1CC2C7772B1008919DB;
			remoteInfo = Weather;
		};
/* End PBXContainerItemProxy section */

/* Begin PBXFileReference section */
		C61CA36E2C7A8DAC0074B3D0 /* LocalService.swift */ = {isa = PBXFileReference; lastKnownFileType = sourcecode.swift; path = LocalService.swift; sourceTree = "<group>"; };
		C61CA3702C7A8DF00074B3D0 /* giza.json */ = {isa = PBXFileReference; fileEncoding = 4; lastKnownFileType = text.json; path = giza.json; sourceTree = "<group>"; };
		C61CA3722C7AAB3C0074B3D0 /* BackgroundView.swift */ = {isa = PBXFileReference; lastKnownFileType = sourcecode.swift; path = BackgroundView.swift; sourceTree = "<group>"; };
		C664D1CD2C7772B1008919DB /* Weather.app */ = {isa = PBXFileReference; explicitFileType = wrapper.application; includeInIndex = 0; path = Weather.app; sourceTree = BUILT_PRODUCTS_DIR; };
		C664D1D02C7772B1008919DB /* WeatherApp.swift */ = {isa = PBXFileReference; lastKnownFileType = sourcecode.swift; path = WeatherApp.swift; sourceTree = "<group>"; };
		C664D1D22C7772B1008919DB /* FirstScreenView.swift */ = {isa = PBXFileReference; lastKnownFileType = sourcecode.swift; path = FirstScreenView.swift; sourceTree = "<group>"; };
		C664D1D42C7772B2008919DB /* Assets.xcassets */ = {isa = PBXFileReference; lastKnownFileType = folder.assetcatalog; path = Assets.xcassets; sourceTree = "<group>"; };
		C664D1D72C7772B2008919DB /* Preview Assets.xcassets */ = {isa = PBXFileReference; lastKnownFileType = folder.assetcatalog; path = "Preview Assets.xcassets"; sourceTree = "<group>"; };
		C664D1DE2C7772E2008919DB /* NetworkService.swift */ = {isa = PBXFileReference; lastKnownFileType = sourcecode.swift; path = NetworkService.swift; sourceTree = "<group>"; };
		C664D1E02C777472008919DB /* WeatherModel.swift */ = {isa = PBXFileReference; lastKnownFileType = sourcecode.swift; path = WeatherModel.swift; sourceTree = "<group>"; };
		C664D1E42C7780B5008919DB /* SecondScreenView.swift */ = {isa = PBXFileReference; lastKnownFileType = sourcecode.swift; path = SecondScreenView.swift; sourceTree = "<group>"; };
		C664D1E62C7780FA008919DB /* HourView.swift */ = {isa = PBXFileReference; lastKnownFileType = sourcecode.swift; path = HourView.swift; sourceTree = "<group>"; };
		C67398982C77D662001DE2BC /* DateFormat.swift */ = {isa = PBXFileReference; lastKnownFileType = sourcecode.swift; path = DateFormat.swift; sourceTree = "<group>"; };
		C673989A2C77DB0A001DE2BC /* IconView.swift */ = {isa = PBXFileReference; lastKnownFileType = sourcecode.swift; path = IconView.swift; sourceTree = "<group>"; };
		C69F86202C7AB547009CD49C /* WeatherTests.xctest */ = {isa = PBXFileReference; explicitFileType = wrapper.cfbundle; includeInIndex = 0; path = WeatherTests.xctest; sourceTree = BUILT_PRODUCTS_DIR; };
		C69F86222C7AB547009CD49C /* NetworkServiceTests.swift */ = {isa = PBXFileReference; lastKnownFileType = sourcecode.swift; path = NetworkServiceTests.swift; sourceTree = "<group>"; };
		C69F86292C7AB78C009CD49C /* LocalServiceTests.swift */ = {isa = PBXFileReference; lastKnownFileType = sourcecode.swift; path = LocalServiceTests.swift; sourceTree = "<group>"; };
		C69F862B2C7ABDE6009CD49C /* SecondSereenViewTests.swift */ = {isa = PBXFileReference; lastKnownFileType = sourcecode.swift; path = SecondSereenViewTests.swift; sourceTree = "<group>"; };
		C6A16D182C7A3F3D00E9D4CE /* CurrentView.swift */ = {isa = PBXFileReference; lastKnownFileType = sourcecode.swift; path = CurrentView.swift; sourceTree = "<group>"; };
		C6A16D342C7A40D200E9D4CE /* ForecastView.swift */ = {isa = PBXFileReference; lastKnownFileType = sourcecode.swift; path = ForecastView.swift; sourceTree = "<group>"; };
		C6A16D362C7A41C000E9D4CE /* ConditionsView.swift */ = {isa = PBXFileReference; lastKnownFileType = sourcecode.swift; path = ConditionsView.swift; sourceTree = "<group>"; };
		C6D5135B2C7B38EF000FD5C3 /* LoadingView.swift */ = {isa = PBXFileReference; lastKnownFileType = sourcecode.swift; path = LoadingView.swift; sourceTree = "<group>"; };
/* End PBXFileReference section */

/* Begin PBXFrameworksBuildPhase section */
		C664D1CA2C7772B1008919DB /* Frameworks */ = {
			isa = PBXFrameworksBuildPhase;
			buildActionMask = 2147483647;
			files = (
			);
			runOnlyForDeploymentPostprocessing = 0;
		};
		C69F861D2C7AB547009CD49C /* Frameworks */ = {
			isa = PBXFrameworksBuildPhase;
			buildActionMask = 2147483647;
			files = (
			);
			runOnlyForDeploymentPostprocessing = 0;
		};
/* End PBXFrameworksBuildPhase section */

/* Begin PBXGroup section */
		C61CA3742C7AAC8B0074B3D0 /* FirstScreen */ = {
			isa = PBXGroup;
			children = (
				C664D1D22C7772B1008919DB /* FirstScreenView.swift */,
				C6A16D182C7A3F3D00E9D4CE /* CurrentView.swift */,
				C6A16D342C7A40D200E9D4CE /* ForecastView.swift */,
				C6A16D362C7A41C000E9D4CE /* ConditionsView.swift */,
				C6D5135B2C7B38EF000FD5C3 /* LoadingView.swift */,
			);
			path = FirstScreen;
			sourceTree = "<group>";
		};
		C61CA3752C7AAC9B0074B3D0 /* SecondScreen */ = {
			isa = PBXGroup;
			children = (
				C664D1E42C7780B5008919DB /* SecondScreenView.swift */,
				C664D1E62C7780FA008919DB /* HourView.swift */,
			);
			path = SecondScreen;
			sourceTree = "<group>";
		};
		C664D1C42C7772B1008919DB = {
			isa = PBXGroup;
			children = (
				C664D1CF2C7772B1008919DB /* Weather */,
				C69F86212C7AB547009CD49C /* WeatherTests */,
				C664D1CE2C7772B1008919DB /* Products */,
			);
			sourceTree = "<group>";
		};
		C664D1CE2C7772B1008919DB /* Products */ = {
			isa = PBXGroup;
			children = (
				C664D1CD2C7772B1008919DB /* Weather.app */,
				C69F86202C7AB547009CD49C /* WeatherTests.xctest */,
			);
			name = Products;
			sourceTree = "<group>";
		};
		C664D1CF2C7772B1008919DB /* Weather */ = {
			isa = PBXGroup;
			children = (
				C664D1D02C7772B1008919DB /* WeatherApp.swift */,
				C67398972C77D645001DE2BC /* Utitities */,
				C664D1E92C778E58008919DB /* Service */,
				C664D1E82C778E51008919DB /* Model */,
				C664D1EA2C778E63008919DB /* View */,
				C664D1D42C7772B2008919DB /* Assets.xcassets */,
				C664D1D62C7772B2008919DB /* Preview Content */,
			);
			path = Weather;
			sourceTree = "<group>";
		};
		C664D1D62C7772B2008919DB /* Preview Content */ = {
			isa = PBXGroup;
			children = (
				C664D1D72C7772B2008919DB /* Preview Assets.xcassets */,
				C61CA36E2C7A8DAC0074B3D0 /* LocalService.swift */,
				C61CA3702C7A8DF00074B3D0 /* giza.json */,
			);
			path = "Preview Content";
			sourceTree = "<group>";
		};
		C664D1E82C778E51008919DB /* Model */ = {
			isa = PBXGroup;
			children = (
				C664D1E02C777472008919DB /* WeatherModel.swift */,
			);
			path = Model;
			sourceTree = "<group>";
		};
		C664D1E92C778E58008919DB /* Service */ = {
			isa = PBXGroup;
			children = (
				C664D1DE2C7772E2008919DB /* NetworkService.swift */,
			);
			path = Service;
			sourceTree = "<group>";
		};
		C664D1EA2C778E63008919DB /* View */ = {
			isa = PBXGroup;
			children = (
				C61CA3722C7AAB3C0074B3D0 /* BackgroundView.swift */,
				C673989A2C77DB0A001DE2BC /* IconView.swift */,
				C61CA3742C7AAC8B0074B3D0 /* FirstScreen */,
				C61CA3752C7AAC9B0074B3D0 /* SecondScreen */,
			);
			path = View;
			sourceTree = "<group>";
		};
		C67398972C77D645001DE2BC /* Utitities */ = {
			isa = PBXGroup;
			children = (
				C67398982C77D662001DE2BC /* DateFormat.swift */,
			);
			path = Utitities;
			sourceTree = "<group>";
		};
		C69F86212C7AB547009CD49C /* WeatherTests */ = {
			isa = PBXGroup;
			children = (
				C69F86222C7AB547009CD49C /* NetworkServiceTests.swift */,
				C69F86292C7AB78C009CD49C /* LocalServiceTests.swift */,
				C69F862B2C7ABDE6009CD49C /* SecondSereenViewTests.swift */,
			);
			path = WeatherTests;
			sourceTree = "<group>";
		};
/* End PBXGroup section */

/* Begin PBXNativeTarget section */
		C664D1CC2C7772B1008919DB /* Weather */ = {
			isa = PBXNativeTarget;
			buildConfigurationList = C664D1DB2C7772B2008919DB /* Build configuration list for PBXNativeTarget "Weather" */;
			buildPhases = (
				C664D1C92C7772B1008919DB /* Sources */,
				C664D1CA2C7772B1008919DB /* Frameworks */,
				C664D1CB2C7772B1008919DB /* Resources */,
			);
			buildRules = (
			);
			dependencies = (
			);
			name = Weather;
			productName = Weather;
			productReference = C664D1CD2C7772B1008919DB /* Weather.app */;
			productType = "com.apple.product-type.application";
		};
		C69F861F2C7AB547009CD49C /* WeatherTests */ = {
			isa = PBXNativeTarget;
			buildConfigurationList = C69F86282C7AB547009CD49C /* Build configuration list for PBXNativeTarget "WeatherTests" */;
			buildPhases = (
				C69F861C2C7AB547009CD49C /* Sources */,
				C69F861D2C7AB547009CD49C /* Frameworks */,
				C69F861E2C7AB547009CD49C /* Resources */,
			);
			buildRules = (
			);
			dependencies = (
				C69F86252C7AB547009CD49C /* PBXTargetDependency */,
			);
			name = WeatherTests;
			productName = WeatherTests;
			productReference = C69F86202C7AB547009CD49C /* WeatherTests.xctest */;
			productType = "com.apple.product-type.bundle.unit-test";
		};
/* End PBXNativeTarget section */

/* Begin PBXProject section */
		C664D1C52C7772B1008919DB /* Project object */ = {
			isa = PBXProject;
			attributes = {
				BuildIndependentTargetsInParallel = 1;
				LastSwiftUpdateCheck = 1540;
				LastUpgradeCheck = 1540;
				TargetAttributes = {
					C664D1CC2C7772B1008919DB = {
						CreatedOnToolsVersion = 15.4;
					};
					C69F861F2C7AB547009CD49C = {
						CreatedOnToolsVersion = 15.4;
						TestTargetID = C664D1CC2C7772B1008919DB;
					};
				};
			};
			buildConfigurationList = C664D1C82C7772B1008919DB /* Build configuration list for PBXProject "Weather" */;
			compatibilityVersion = "Xcode 14.0";
			developmentRegion = en;
			hasScannedForEncodings = 0;
			knownRegions = (
				en,
				Base,
			);
			mainGroup = C664D1C42C7772B1008919DB;
			productRefGroup = C664D1CE2C7772B1008919DB /* Products */;
			projectDirPath = "";
			projectRoot = "";
			targets = (
				C664D1CC2C7772B1008919DB /* Weather */,
				C69F861F2C7AB547009CD49C /* WeatherTests */,
			);
		};
/* End PBXProject section */

/* Begin PBXResourcesBuildPhase section */
		C664D1CB2C7772B1008919DB /* Resources */ = {
			isa = PBXResourcesBuildPhase;
			buildActionMask = 2147483647;
			files = (
				C664D1D82C7772B2008919DB /* Preview Assets.xcassets in Resources */,
				C61CA3712C7A8DF00074B3D0 /* giza.json in Resources */,
				C664D1D52C7772B2008919DB /* Assets.xcassets in Resources */,
			);
			runOnlyForDeploymentPostprocessing = 0;
		};
		C69F861E2C7AB547009CD49C /* Resources */ = {
			isa = PBXResourcesBuildPhase;
			buildActionMask = 2147483647;
			files = (
			);
			runOnlyForDeploymentPostprocessing = 0;
		};
/* End PBXResourcesBuildPhase section */

/* Begin PBXSourcesBuildPhase section */
		C664D1C92C7772B1008919DB /* Sources */ = {
			isa = PBXSourcesBuildPhase;
			buildActionMask = 2147483647;
			files = (
				C61CA36F2C7A8DAC0074B3D0 /* LocalService.swift in Sources */,
				C664D1E12C777472008919DB /* WeatherModel.swift in Sources */,
				C61CA3732C7AAB3C0074B3D0 /* BackgroundView.swift in Sources */,
				C664D1E52C7780B5008919DB /* SecondScreenView.swift in Sources */,
				C67398992C77D662001DE2BC /* DateFormat.swift in Sources */,
				C6D5135C2C7B38EF000FD5C3 /* LoadingView.swift in Sources */,
				C673989B2C77DB0B001DE2BC /* IconView.swift in Sources */,
				C664D1E72C7780FA008919DB /* HourView.swift in Sources */,
				C664D1D32C7772B1008919DB /* FirstScreenView.swift in Sources */,
				C664D1DF2C7772E3008919DB /* NetworkService.swift in Sources */,
				C6A16D192C7A3F3E00E9D4CE /* CurrentView.swift in Sources */,
				C6A16D352C7A40D200E9D4CE /* ForecastView.swift in Sources */,
				C664D1D12C7772B1008919DB /* WeatherApp.swift in Sources */,
				C6A16D372C7A41C000E9D4CE /* ConditionsView.swift in Sources */,
			);
			runOnlyForDeploymentPostprocessing = 0;
		};
		C69F861C2C7AB547009CD49C /* Sources */ = {
			isa = PBXSourcesBuildPhase;
			buildActionMask = 2147483647;
			files = (
				C69F86232C7AB547009CD49C /* NetworkServiceTests.swift in Sources */,
				C69F862A2C7AB78C009CD49C /* LocalServiceTests.swift in Sources */,
				C69F862C2C7ABDE6009CD49C /* SecondSereenViewTests.swift in Sources */,
			);
			runOnlyForDeploymentPostprocessing = 0;
		};
/* End PBXSourcesBuildPhase section */

/* Begin PBXTargetDependency section */
		C69F86252C7AB547009CD49C /* PBXTargetDependency */ = {
			isa = PBXTargetDependency;
			target = C664D1CC2C7772B1008919DB /* Weather */;
			targetProxy = C69F86242C7AB547009CD49C /* PBXContainerItemProxy */;
		};
/* End PBXTargetDependency section */

/* Begin XCBuildConfiguration section */
		C664D1D92C7772B2008919DB /* Debug */ = {
			isa = XCBuildConfiguration;
			buildSettings = {
				ALWAYS_SEARCH_USER_PATHS = NO;
				ASSETCATALOG_COMPILER_GENERATE_SWIFT_ASSET_SYMBOL_EXTENSIONS = YES;
				CLANG_ANALYZER_NONNULL = YES;
				CLANG_ANALYZER_NUMBER_OBJECT_CONVERSION = YES_AGGRESSIVE;
				CLANG_CXX_LANGUAGE_STANDARD = "gnu++20";
				CLANG_ENABLE_MODULES = YES;
				CLANG_ENABLE_OBJC_ARC = YES;
				CLANG_ENABLE_OBJC_WEAK = YES;
				CLANG_WARN_BLOCK_CAPTURE_AUTORELEASING = YES;
				CLANG_WARN_BOOL_CONVERSION = YES;
				CLANG_WARN_COMMA = YES;
				CLANG_WARN_CONSTANT_CONVERSION = YES;
				CLANG_WARN_DEPRECATED_OBJC_IMPLEMENTATIONS = YES;
				CLANG_WARN_DIRECT_OBJC_ISA_USAGE = YES_ERROR;
				CLANG_WARN_DOCUMENTATION_COMMENTS = YES;
				CLANG_WARN_EMPTY_BODY = YES;
				CLANG_WARN_ENUM_CONVERSION = YES;
				CLANG_WARN_INFINITE_RECURSION = YES;
				CLANG_WARN_INT_CONVERSION = YES;
				CLANG_WARN_NON_LITERAL_NULL_CONVERSION = YES;
				CLANG_WARN_OBJC_IMPLICIT_RETAIN_SELF = YES;
				CLANG_WARN_OBJC_LITERAL_CONVERSION = YES;
				CLANG_WARN_OBJC_ROOT_CLASS = YES_ERROR;
				CLANG_WARN_QUOTED_INCLUDE_IN_FRAMEWORK_HEADER = YES;
				CLANG_WARN_RANGE_LOOP_ANALYSIS = YES;
				CLANG_WARN_STRICT_PROTOTYPES = YES;
				CLANG_WARN_SUSPICIOUS_MOVE = YES;
				CLANG_WARN_UNGUARDED_AVAILABILITY = YES_AGGRESSIVE;
				CLANG_WARN_UNREACHABLE_CODE = YES;
				CLANG_WARN__DUPLICATE_METHOD_MATCH = YES;
				COPY_PHASE_STRIP = NO;
				DEBUG_INFORMATION_FORMAT = dwarf;
				ENABLE_STRICT_OBJC_MSGSEND = YES;
				ENABLE_TESTABILITY = YES;
				ENABLE_USER_SCRIPT_SANDBOXING = YES;
				GCC_C_LANGUAGE_STANDARD = gnu17;
				GCC_DYNAMIC_NO_PIC = NO;
				GCC_NO_COMMON_BLOCKS = YES;
				GCC_OPTIMIZATION_LEVEL = 0;
				GCC_PREPROCESSOR_DEFINITIONS = (
					"DEBUG=1",
					"$(inherited)",
				);
				GCC_WARN_64_TO_32_BIT_CONVERSION = YES;
				GCC_WARN_ABOUT_RETURN_TYPE = YES_ERROR;
				GCC_WARN_UNDECLARED_SELECTOR = YES;
				GCC_WARN_UNINITIALIZED_AUTOS = YES_AGGRESSIVE;
				GCC_WARN_UNUSED_FUNCTION = YES;
				GCC_WARN_UNUSED_VARIABLE = YES;
				IPHONEOS_DEPLOYMENT_TARGET = 17.5;
				LOCALIZATION_PREFERS_STRING_CATALOGS = YES;
				MTL_ENABLE_DEBUG_INFO = INCLUDE_SOURCE;
				MTL_FAST_MATH = YES;
				ONLY_ACTIVE_ARCH = YES;
				SDKROOT = iphoneos;
				SWIFT_ACTIVE_COMPILATION_CONDITIONS = "DEBUG $(inherited)";
				SWIFT_OPTIMIZATION_LEVEL = "-Onone";
			};
			name = Debug;
		};
		C664D1DA2C7772B2008919DB /* Release */ = {
			isa = XCBuildConfiguration;
			buildSettings = {
				ALWAYS_SEARCH_USER_PATHS = NO;
				ASSETCATALOG_COMPILER_GENERATE_SWIFT_ASSET_SYMBOL_EXTENSIONS = YES;
				CLANG_ANALYZER_NONNULL = YES;
				CLANG_ANALYZER_NUMBER_OBJECT_CONVERSION = YES_AGGRESSIVE;
				CLANG_CXX_LANGUAGE_STANDARD = "gnu++20";
				CLANG_ENABLE_MODULES = YES;
				CLANG_ENABLE_OBJC_ARC = YES;
				CLANG_ENABLE_OBJC_WEAK = YES;
				CLANG_WARN_BLOCK_CAPTURE_AUTORELEASING = YES;
				CLANG_WARN_BOOL_CONVERSION = YES;
				CLANG_WARN_COMMA = YES;
				CLANG_WARN_CONSTANT_CONVERSION = YES;
				CLANG_WARN_DEPRECATED_OBJC_IMPLEMENTATIONS = YES;
				CLANG_WARN_DIRECT_OBJC_ISA_USAGE = YES_ERROR;
				CLANG_WARN_DOCUMENTATION_COMMENTS = YES;
				CLANG_WARN_EMPTY_BODY = YES;
				CLANG_WARN_ENUM_CONVERSION = YES;
				CLANG_WARN_INFINITE_RECURSION = YES;
				CLANG_WARN_INT_CONVERSION = YES;
				CLANG_WARN_NON_LITERAL_NULL_CONVERSION = YES;
				CLANG_WARN_OBJC_IMPLICIT_RETAIN_SELF = YES;
				CLANG_WARN_OBJC_LITERAL_CONVERSION = YES;
				CLANG_WARN_OBJC_ROOT_CLASS = YES_ERROR;
				CLANG_WARN_QUOTED_INCLUDE_IN_FRAMEWORK_HEADER = YES;
				CLANG_WARN_RANGE_LOOP_ANALYSIS = YES;
				CLANG_WARN_STRICT_PROTOTYPES = YES;
				CLANG_WARN_SUSPICIOUS_MOVE = YES;
				CLANG_WARN_UNGUARDED_AVAILABILITY = YES_AGGRESSIVE;
				CLANG_WARN_UNREACHABLE_CODE = YES;
				CLANG_WARN__DUPLICATE_METHOD_MATCH = YES;
				COPY_PHASE_STRIP = NO;
				DEBUG_INFORMATION_FORMAT = "dwarf-with-dsym";
				ENABLE_NS_ASSERTIONS = NO;
				ENABLE_STRICT_OBJC_MSGSEND = YES;
				ENABLE_USER_SCRIPT_SANDBOXING = YES;
				GCC_C_LANGUAGE_STANDARD = gnu17;
				GCC_NO_COMMON_BLOCKS = YES;
				GCC_WARN_64_TO_32_BIT_CONVERSION = YES;
				GCC_WARN_ABOUT_RETURN_TYPE = YES_ERROR;
				GCC_WARN_UNDECLARED_SELECTOR = YES;
				GCC_WARN_UNINITIALIZED_AUTOS = YES_AGGRESSIVE;
				GCC_WARN_UNUSED_FUNCTION = YES;
				GCC_WARN_UNUSED_VARIABLE = YES;
				IPHONEOS_DEPLOYMENT_TARGET = 17.5;
				LOCALIZATION_PREFERS_STRING_CATALOGS = YES;
				MTL_ENABLE_DEBUG_INFO = NO;
				MTL_FAST_MATH = YES;
				SDKROOT = iphoneos;
				SWIFT_COMPILATION_MODE = wholemodule;
				VALIDATE_PRODUCT = YES;
			};
			name = Release;
		};
		C664D1DC2C7772B2008919DB /* Debug */ = {
			isa = XCBuildConfiguration;
			buildSettings = {
				ASSETCATALOG_COMPILER_APPICON_NAME = AppIcon;
				ASSETCATALOG_COMPILER_GLOBAL_ACCENT_COLOR_NAME = AccentColor;
				CODE_SIGN_STYLE = Automatic;
				CURRENT_PROJECT_VERSION = 1;
				DEVELOPMENT_ASSET_PATHS = "\"Weather/Preview Content\"";
				DEVELOPMENT_TEAM = "";
				ENABLE_PREVIEWS = YES;
				GENERATE_INFOPLIST_FILE = YES;
				INFOPLIST_KEY_UIApplicationSceneManifest_Generation = YES;
				INFOPLIST_KEY_UIApplicationSupportsIndirectInputEvents = YES;
				INFOPLIST_KEY_UILaunchScreen_Generation = YES;
				INFOPLIST_KEY_UISupportedInterfaceOrientations = UIInterfaceOrientationPortrait;
				INFOPLIST_KEY_UISupportedInterfaceOrientations_iPad = "UIInterfaceOrientationLandscapeLeft UIInterfaceOrientationLandscapeRight UIInterfaceOrientationPortrait UIInterfaceOrientationPortraitUpsideDown";
				LD_RUNPATH_SEARCH_PATHS = (
					"$(inherited)",
					"@executable_path/Frameworks",
				);
				MARKETING_VERSION = 1.0;
				PRODUCT_BUNDLE_IDENTIFIER = com.m7aymn.Weather;
				PRODUCT_NAME = "$(TARGET_NAME)";
				SWIFT_EMIT_LOC_STRINGS = YES;
				SWIFT_VERSION = 5.0;
				TARGETED_DEVICE_FAMILY = "1,2";
			};
			name = Debug;
		};
		C664D1DD2C7772B2008919DB /* Release */ = {
			isa = XCBuildConfiguration;
			buildSettings = {
				ASSETCATALOG_COMPILER_APPICON_NAME = AppIcon;
				ASSETCATALOG_COMPILER_GLOBAL_ACCENT_COLOR_NAME = AccentColor;
				CODE_SIGN_STYLE = Automatic;
				CURRENT_PROJECT_VERSION = 1;
				DEVELOPMENT_ASSET_PATHS = "\"Weather/Preview Content\"";
				DEVELOPMENT_TEAM = "";
				ENABLE_PREVIEWS = YES;
				GENERATE_INFOPLIST_FILE = YES;
				INFOPLIST_KEY_UIApplicationSceneManifest_Generation = YES;
				INFOPLIST_KEY_UIApplicationSupportsIndirectInputEvents = YES;
				INFOPLIST_KEY_UILaunchScreen_Generation = YES;
				INFOPLIST_KEY_UISupportedInterfaceOrientations = UIInterfaceOrientationPortrait;
				INFOPLIST_KEY_UISupportedInterfaceOrientations_iPad = "UIInterfaceOrientationLandscapeLeft UIInterfaceOrientationLandscapeRight UIInterfaceOrientationPortrait UIInterfaceOrientationPortraitUpsideDown";
				LD_RUNPATH_SEARCH_PATHS = (
					"$(inherited)",
					"@executable_path/Frameworks",
				);
				MARKETING_VERSION = 1.0;
				PRODUCT_BUNDLE_IDENTIFIER = com.m7aymn.Weather;
				PRODUCT_NAME = "$(TARGET_NAME)";
				SWIFT_EMIT_LOC_STRINGS = YES;
				SWIFT_VERSION = 5.0;
				TARGETED_DEVICE_FAMILY = "1,2";
			};
			name = Release;
		};
		C69F86262C7AB547009CD49C /* Debug */ = {
			isa = XCBuildConfiguration;
			buildSettings = {
				BUNDLE_LOADER = "$(TEST_HOST)";
				CODE_SIGN_STYLE = Automatic;
				CURRENT_PROJECT_VERSION = 1;
				GENERATE_INFOPLIST_FILE = YES;
				IPHONEOS_DEPLOYMENT_TARGET = 17.5;
				MACOSX_DEPLOYMENT_TARGET = 14.5;
				MARKETING_VERSION = 1.0;
				PRODUCT_BUNDLE_IDENTIFIER = com.m7aymn.WeatherTests;
				PRODUCT_NAME = "$(TARGET_NAME)";
				SDKROOT = auto;
				SUPPORTED_PLATFORMS = "iphoneos iphonesimulator macosx";
				SWIFT_EMIT_LOC_STRINGS = NO;
				SWIFT_VERSION = 5.0;
				TARGETED_DEVICE_FAMILY = "1,2";
				TEST_HOST = "$(BUILT_PRODUCTS_DIR)/Weather.app/$(BUNDLE_EXECUTABLE_FOLDER_PATH)/Weather";
			};
			name = Debug;
		};
		C69F86272C7AB547009CD49C /* Release */ = {
			isa = XCBuildConfiguration;
			buildSettings = {
				BUNDLE_LOADER = "$(TEST_HOST)";
				CODE_SIGN_STYLE = Automatic;
				CURRENT_PROJECT_VERSION = 1;
				GENERATE_INFOPLIST_FILE = YES;
				IPHONEOS_DEPLOYMENT_TARGET = 17.5;
				MACOSX_DEPLOYMENT_TARGET = 14.5;
				MARKETING_VERSION = 1.0;
				PRODUCT_BUNDLE_IDENTIFIER = com.m7aymn.WeatherTests;
				PRODUCT_NAME = "$(TARGET_NAME)";
				SDKROOT = auto;
				SUPPORTED_PLATFORMS = "iphoneos iphonesimulator macosx";
				SWIFT_EMIT_LOC_STRINGS = NO;
				SWIFT_VERSION = 5.0;
				TARGETED_DEVICE_FAMILY = "1,2";
				TEST_HOST = "$(BUILT_PRODUCTS_DIR)/Weather.app/$(BUNDLE_EXECUTABLE_FOLDER_PATH)/Weather";
			};
			name = Release;
		};
/* End XCBuildConfiguration section */

/* Begin XCConfigurationList section */
		C664D1C82C7772B1008919DB /* Build configuration list for PBXProject "Weather" */ = {
			isa = XCConfigurationList;
			buildConfigurations = (
				C664D1D92C7772B2008919DB /* Debug */,
				C664D1DA2C7772B2008919DB /* Release */,
			);
			defaultConfigurationIsVisible = 0;
			defaultConfigurationName = Release;
		};
		C664D1DB2C7772B2008919DB /* Build configuration list for PBXNativeTarget "Weather" */ = {
			isa = XCConfigurationList;
			buildConfigurations = (
				C664D1DC2C7772B2008919DB /* Debug */,
				C664D1DD2C7772B2008919DB /* Release */,
			);
			defaultConfigurationIsVisible = 0;
			defaultConfigurationName = Release;
		};
		C69F86282C7AB547009CD49C /* Build configuration list for PBXNativeTarget "WeatherTests" */ = {
			isa = XCConfigurationList;
			buildConfigurations = (
				C69F86262C7AB547009CD49C /* Debug */,
				C69F86272C7AB547009CD49C /* Release */,
			);
			defaultConfigurationIsVisible = 0;
			defaultConfigurationName = Release;
		};
/* End XCConfigurationList section */
	};
	rootObject = C664D1C52C7772B1008919DB /* Project object */;
}
